{
  "name": "keysearch",
  "version": "1.0.0",
  "lockfileVersion": 3,
  "requires": true,
  "packages": {
    "": {
      "name": "keysearch",
      "version": "1.0.0",
      "license": "ISC",
      "devDependencies": {
        "@types/multicoin-address-validator": "^0.5.3"
      }
    },
    "node_modules/@types/multicoin-address-validator": {
      "version": "0.5.3",
      "resolved": "https://registry.npmjs.org/@types/multicoin-address-validator/-/multicoin-address-validator-0.5.3.tgz",
      "integrity": "sha512-faImIjJkbXz6HdgZX4Hfr7GwuiEyGjcp49ugfu5rh8IhHNfaa5gNroQY4pARaaEgX1pgybVdc2iSc1h4B2fGMw==",
      "dev": true,
      "license": "MIT"
    }
  }
}
